
Microsoft Visual Studio Solution File, Format Version 12.00
# Visual Studio Version 16
VisualStudioVersion = 16.0.29519.87
MinimumVisualStudioVersion = 10.0.40219.1
Project("{888888A0-9F3D-457C-B088-3A5042F75D52}") = "UrbanTechHackathon", "UrbanTechHackathon\UrbanTechHackathon.pyproj", "{D69D8003-E711-4437-A3FB-B2010A436E79}"
EndProject
Global
	GlobalSection(SolutionConfigurationPlatforms) = preSolution
		Debug|Any CPU = Debug|Any CPU
		Release|Any CPU = Release|Any CPU
	EndGlobalSection
	GlobalSection(ProjectConfigurationPlatforms) = postSolution
		{D69D8003-E711-4437-A3FB-B2010A436E79}.Debug|Any CPU.ActiveCfg = Debug|Any CPU
		{D69D8003-E711-4437-A3FB-B2010A436E79}.Debug|Any CPU.Build.0 = Debug|Any CPU
		{D69D8003-E711-4437-A3FB-B2010A436E79}.Release|Any CPU.ActiveCfg = Release|Any CPU
		{D69D8003-E711-4437-A3FB-B2010A436E79}.Release|Any CPU.Build.0 = Release|Any CPU
	EndGlobalSection
	GlobalSection(SolutionProperties) = preSolution
		HideSolutionNode = FALSE
	EndGlobalSection
	GlobalSection(ExtensibilityGlobals) = postSolution
		SolutionGuid = {770816C4-4370-4193-9957-688BF452EAB2}
	EndGlobalSection
EndGlobal
